{
  "name": "telegram-bot",
  "version": "1.0.0",
  "lockfileVersion": 1,
  "requires": true,
  "dependencies": {
    "axios": {
      "version": "0.21.1",
      "resolved": "https://registry.npmjs.org/axios/-/axios-0.21.1.tgz",
      "integrity": "sha512-bZSdN6ZaUqIoV4ONRV8QgFk2MSWZbZpR2ry+z3qMnkYh/3+dqeyN9TcRxyPr6k+AXF3IVLe0Lh6LVaDgU7zL6g=="
    },
    "body-parser": {
      "version": "1.19.0",
      "resolved": "https://registry.npmjs.org/body-parser/-/body-parser-1.19.0.tgz",
      "integrity": "sha512-bYO/Vyk2KCpKL0Ac1WDeT1JqFlN2qSFMq1uKTVQ9XxMZzfvU7Zgmpz5Y7dvYPOInz69vQw99OB62GbFy6n6yRg=="
    },
    "dotenv": {
      "version": "8.2.0",
      "resolved": "https://registry.npmjs.org/dotenv/-/dotenv-8.2.0.tgz",
      "integrity": "sha512-RdLtNh0Qz7gYkCFwC93lO/3zSMFtdI2TcIT0nQMT2t0tnDItOcxr/2cv7cX1BAJkNkTt6YkZHknB3WZs2FW4Zg=="
    },
    "express": {
      "version": "4.17.1",
      "resolved": "https://registry.npmjs.org/express/-/express-4.17.1.tgz",
      "integrity": "sha512-mxiJb1ke03WqP8fFljBfiE0rF9V44zQimFbfjKq9TG1V9K9OF6hH6uT4Ae1ZJKJ09jZlsX8knb7DDYhE5K9BFQ=="
    }
  }
}
